
Microsoft Visual Studio Solution File, Format Version 12.00
# Visual Studio Version 17
VisualStudioVersion = 17.9.34902.65
MinimumVisualStudioVersion = 10.0.40219.1
Project("{9A19103F-16F7-4668-BE54-9A1E7A4F7556}") = "C-sharp-apps-ariel-M", "C-sharp-apps-ariel-M.csproj", "{0934CEA1-197C-4458-BEF8-7C42E8A38632}"
EndProject
Global
	GlobalSection(SolutionConfigurationPlatforms) = preSolution
		Debug|Any CPU = Debug|Any CPU
		Release|Any CPU = Release|Any CPU
	EndGlobalSection
	GlobalSection(ProjectConfigurationPlatforms) = postSolution
		{0934CEA1-197C-4458-BEF8-7C42E8A38632}.Debug|Any CPU.ActiveCfg = Debug|Any CPU
		{0934CEA1-197C-4458-BEF8-7C42E8A38632}.Debug|Any CPU.Build.0 = Debug|Any CPU
		{0934CEA1-197C-4458-BEF8-7C42E8A38632}.Release|Any CPU.ActiveCfg = Release|Any CPU
		{0934CEA1-197C-4458-BEF8-7C42E8A38632}.Release|Any CPU.Build.0 = Release|Any CPU
	EndGlobalSection
	GlobalSection(SolutionProperties) = preSolution
		HideSolutionNode = FALSE
	EndGlobalSection
	GlobalSection(ExtensibilityGlobals) = postSolution
		SolutionGuid = {BFAE94BA-2BC3-447C-9054-C13528C9427A}
	EndGlobalSection
EndGlobal
