
Microsoft Visual Studio Solution File, Format Version 12.00
# Visual Studio Version 17
VisualStudioVersion = 17.9.34902.65
MinimumVisualStudioVersion = 10.0.40219.1
Project("{FAE04EC0-301F-11D3-BF4B-00C04F79EFBC}") = "try_c", "try_c\try_c.csproj", "{A43B78D5-7DB6-42E0-9BBB-158F206BC2AA}"
EndProject
Global
	GlobalSection(SolutionConfigurationPlatforms) = preSolution
		Debug|Any CPU = Debug|Any CPU
		Release|Any CPU = Release|Any CPU
	EndGlobalSection
	GlobalSection(ProjectConfigurationPlatforms) = postSolution
		{A43B78D5-7DB6-42E0-9BBB-158F206BC2AA}.Debug|Any CPU.ActiveCfg = Debug|Any CPU
		{A43B78D5-7DB6-42E0-9BBB-158F206BC2AA}.Debug|Any CPU.Build.0 = Debug|Any CPU
		{A43B78D5-7DB6-42E0-9BBB-158F206BC2AA}.Release|Any CPU.ActiveCfg = Release|Any CPU
		{A43B78D5-7DB6-42E0-9BBB-158F206BC2AA}.Release|Any CPU.Build.0 = Release|Any CPU
	EndGlobalSection
	GlobalSection(SolutionProperties) = preSolution
		HideSolutionNode = FALSE
	EndGlobalSection
	GlobalSection(ExtensibilityGlobals) = postSolution
		SolutionGuid = {159F9111-9EB5-4C6D-8AF8-D197AEC6CA01}
	EndGlobalSection
EndGlobal
